# THIS IS AN AUTOGENERATED FILE. DO NOT EDIT THIS FILE DIRECTLY.
# yarn lockfile v1


axios@^0.5.4:
  version "0.5.4"
  resolved "https://registry.yarnpkg.com/axios/-/axios-0.5.4.tgz#e06f852257838133e69094d925ccb419de94fdfb"
  integrity sha1-4G+FIleDgTPmkJTZJcy0Gd6U/fs=
  dependencies:
    es6-promise "^2.0.1"

core-js@^0.9.13:
  version "0.9.18"
  resolved "https://registry.yarnpkg.com/core-js/-/core-js-0.9.18.tgz#13f458e430232b0f4ec1f480da7c2f5288e9d095"
  integrity sha1-E/RY5DAjKw9OwfSA2nwvUojp0JU=

es6-promise@^2.0.1:
  version "2.3.0"
  resolved "https://registry.yarnpkg.com/es6-promise/-/es6-promise-2.3.0.tgz#96edb9f2fdb01995822b263dd8aadab6748181bc"
  integrity sha1-lu258v2wGZWCKyY92KratnSBgbw=

mockaroo@^0.1.7:
  version "0.1.7"
  resolved "https://registry.yarnpkg.com/mockaroo/-/mockaroo-0.1.7.tgz#f6781418f69f7c63da5cd28803084dee4839c2c6"
  integrity sha1-9ngUGPaffGPaXNKIAwhN7kg5wsY=
  dependencies:
    axios "^0.5.4"
    core-js "^0.9.13"
